<?xml version="1.0" encoding="utf-8"?>
<Project ToolsVersion="4.0" xmlns="http://schemas.microsoft.com/developer/msbuild/2003">
  <ItemGroup>
    <Filter Include="ThirdParty">
      <UniqueIdentifier>{8be39be6-43eb-4dcc-8926-b17e02222c93}</UniqueIdentifier>
    </Filter>
    <Filter Include="ThirdParty\Lua">
      <UniqueIdentifier>{d0c8ef39-dfbe-4831-b169-2840acec14d4}</UniqueIdentifier>
    </Filter>
    <Filter Include="Kernel">
      <UniqueIdentifier>{dba2aafa-ec5d-4787-8c9d-4bed69661940}</UniqueIdentifier>
    </Filter>
    <Filter Include="BuiltIn">
      <UniqueIdentifier>{85496252-d41b-460d-940c-6b2dd975393b}</UniqueIdentifier>
    </Filter>
    <Filter Include="Examples">
      <UniqueIdentifier>{745cb562-0ff9-4905-8605-d6f74bef2750}</UniqueIdentifier>
    </Filter>
  </ItemGroup>
  <ItemGroup>
    <ClInclude Include="ThirdParty\kaguya.hpp">
      <Filter>ThirdParty</Filter>
    </ClInclude>
    <ClInclude Include="ThirdParty\random.hpp">
      <Filter>ThirdParty</Filter>
    </ClInclude>
    <ClInclude Include="ThirdParty\Lua\lapi.h">
      <Filter>ThirdParty\Lua</Filter>
    </ClInclude>
    <ClInclude Include="ThirdParty\Lua\lauxlib.h">
      <Filter>ThirdParty\Lua</Filter>
    </ClInclude>
    <ClInclude Include="ThirdParty\Lua\lcode.h">
      <Filter>ThirdParty\Lua</Filter>
    </ClInclude>
    <ClInclude Include="ThirdParty\Lua\lctype.h">
      <Filter>ThirdParty\Lua</Filter>
    </ClInclude>
    <ClInclude Include="ThirdParty\Lua\ldebug.h">
      <Filter>ThirdParty\Lua</Filter>
    </ClInclude>
    <ClInclude Include="ThirdParty\Lua\ldo.h">
      <Filter>ThirdParty\Lua</Filter>
    </ClInclude>
    <ClInclude Include="ThirdParty\Lua\lfunc.h">
      <Filter>ThirdParty\Lua</Filter>
    </ClInclude>
    <ClInclude Include="ThirdParty\Lua\lgc.h">
      <Filter>ThirdParty\Lua</Filter>
    </ClInclude>
    <ClInclude Include="ThirdParty\Lua\ljumptab.h">
      <Filter>ThirdParty\Lua</Filter>
    </ClInclude>
    <ClInclude Include="ThirdParty\Lua\llex.h">
      <Filter>ThirdParty\Lua</Filter>
    </ClInclude>
    <ClInclude Include="ThirdParty\Lua\llimits.h">
      <Filter>ThirdParty\Lua</Filter>
    </ClInclude>
    <ClInclude Include="ThirdParty\Lua\lmem.h">
      <Filter>ThirdParty\Lua</Filter>
    </ClInclude>
    <ClInclude Include="ThirdParty\Lua\lobject.h">
      <Filter>ThirdParty\Lua</Filter>
    </ClInclude>
    <ClInclude Include="ThirdParty\Lua\lopcodes.h">
      <Filter>ThirdParty\Lua</Filter>
    </ClInclude>
    <ClInclude Include="ThirdParty\Lua\lopnames.h">
      <Filter>ThirdParty\Lua</Filter>
    </ClInclude>
    <ClInclude Include="ThirdParty\Lua\lparser.h">
      <Filter>ThirdParty\Lua</Filter>
    </ClInclude>
    <ClInclude Include="ThirdParty\Lua\lprefix.h">
      <Filter>ThirdParty\Lua</Filter>
    </ClInclude>
    <ClInclude Include="ThirdParty\Lua\lstate.h">
      <Filter>ThirdParty\Lua</Filter>
    </ClInclude>
    <ClInclude Include="ThirdParty\Lua\lstring.h">
      <Filter>ThirdParty\Lua</Filter>
    </ClInclude>
    <ClInclude Include="ThirdParty\Lua\ltable.h">
      <Filter>ThirdParty\Lua</Filter>
    </ClInclude>
    <ClInclude Include="ThirdParty\Lua\ltm.h">
      <Filter>ThirdParty\Lua</Filter>
    </ClInclude>
    <ClInclude Include="ThirdParty\Lua\lua.h">
      <Filter>ThirdParty\Lua</Filter>
    </ClInclude>
    <ClInclude Include="ThirdParty\Lua\lua.hpp">
      <Filter>ThirdParty\Lua</Filter>
    </ClInclude>
    <ClInclude Include="ThirdParty\Lua\luaconf.h">
      <Filter>ThirdParty\Lua</Filter>
    </ClInclude>
    <ClInclude Include="ThirdParty\Lua\lualib.h">
      <Filter>ThirdParty\Lua</Filter>
    </ClInclude>
    <ClInclude Include="ThirdParty\Lua\lundump.h">
      <Filter>ThirdParty\Lua</Filter>
    </ClInclude>
    <ClInclude Include="ThirdParty\Lua\lvm.h">
      <Filter>ThirdParty\Lua</Filter>
    </ClInclude>
    <ClInclude Include="ThirdParty\Lua\lzio.h">
      <Filter>ThirdParty\Lua</Filter>
    </ClInclude>
  </ItemGroup>
  <ItemGroup>
    <ClCompile Include="ThirdParty\Lua\lapi.c">
      <Filter>ThirdParty\Lua</Filter>
    </ClCompile>
    <ClCompile Include="ThirdParty\Lua\lauxlib.c">
      <Filter>ThirdParty\Lua</Filter>
    </ClCompile>
    <ClCompile Include="ThirdParty\Lua\lbaselib.c">
      <Filter>ThirdParty\Lua</Filter>
    </ClCompile>
    <ClCompile Include="ThirdParty\Lua\lcode.c">
      <Filter>ThirdParty\Lua</Filter>
    </ClCompile>
    <ClCompile Include="ThirdParty\Lua\lcorolib.c">
      <Filter>ThirdParty\Lua</Filter>
    </ClCompile>
    <ClCompile Include="ThirdParty\Lua\lctype.c">
      <Filter>ThirdParty\Lua</Filter>
    </ClCompile>
    <ClCompile Include="ThirdParty\Lua\ldblib.c">
      <Filter>ThirdParty\Lua</Filter>
    </ClCompile>
    <ClCompile Include="ThirdParty\Lua\ldebug.c">
      <Filter>ThirdParty\Lua</Filter>
    </ClCompile>
    <ClCompile Include="ThirdParty\Lua\ldo.c">
      <Filter>ThirdParty\Lua</Filter>
    </ClCompile>
    <ClCompile Include="ThirdParty\Lua\ldump.c">
      <Filter>ThirdParty\Lua</Filter>
    </ClCompile>
    <ClCompile Include="ThirdParty\Lua\lfunc.c">
      <Filter>ThirdParty\Lua</Filter>
    </ClCompile>
    <ClCompile Include="ThirdParty\Lua\lgc.c">
      <Filter>ThirdParty\Lua</Filter>
    </ClCompile>
    <ClCompile Include="ThirdParty\Lua\linit.c">
      <Filter>ThirdParty\Lua</Filter>
    </ClCompile>
    <ClCompile Include="ThirdParty\Lua\liolib.c">
      <Filter>ThirdParty\Lua</Filter>
    </ClCompile>
    <ClCompile Include="ThirdParty\Lua\llex.c">
      <Filter>ThirdParty\Lua</Filter>
    </ClCompile>
    <ClCompile Include="ThirdParty\Lua\lmathlib.c">
      <Filter>ThirdParty\Lua</Filter>
    </ClCompile>
    <ClCompile Include="ThirdParty\Lua\lmem.c">
      <Filter>ThirdParty\Lua</Filter>
    </ClCompile>
    <ClCompile Include="ThirdParty\Lua\loadlib.c">
      <Filter>ThirdParty\Lua</Filter>
    </ClCompile>
    <ClCompile Include="ThirdParty\Lua\lobject.c">
      <Filter>ThirdParty\Lua</Filter>
    </ClCompile>
    <ClCompile Include="ThirdParty\Lua\lopcodes.c">
      <Filter>ThirdParty\Lua</Filter>
    </ClCompile>
    <ClCompile Include="ThirdParty\Lua\loslib.c">
      <Filter>ThirdParty\Lua</Filter>
    </ClCompile>
    <ClCompile Include="ThirdParty\Lua\lparser.c">
      <Filter>ThirdParty\Lua</Filter>
    </ClCompile>
    <ClCompile Include="ThirdParty\Lua\lstate.c">
      <Filter>ThirdParty\Lua</Filter>
    </ClCompile>
    <ClCompile Include="ThirdParty\Lua\lstring.c">
      <Filter>ThirdParty\Lua</Filter>
    </ClCompile>
    <ClCompile Include="ThirdParty\Lua\lstrlib.c">
      <Filter>ThirdParty\Lua</Filter>
    </ClCompile>
    <ClCompile Include="ThirdParty\Lua\ltable.c">
      <Filter>ThirdParty\Lua</Filter>
    </ClCompile>
    <ClCompile Include="ThirdParty\Lua\ltablib.c">
      <Filter>ThirdParty\Lua</Filter>
    </ClCompile>
    <ClCompile Include="ThirdParty\Lua\ltm.c">
      <Filter>ThirdParty\Lua</Filter>
    </ClCompile>
    <ClCompile Include="ThirdParty\Lua\lua.c">
      <Filter>ThirdParty\Lua</Filter>
    </ClCompile>
    <ClCompile Include="ThirdParty\Lua\luac.c">
      <Filter>ThirdParty\Lua</Filter>
    </ClCompile>
    <ClCompile Include="ThirdParty\Lua\lundump.c">
      <Filter>ThirdParty\Lua</Filter>
    </ClCompile>
    <ClCompile Include="ThirdParty\Lua\lutf8lib.c">
      <Filter>ThirdParty\Lua</Filter>
    </ClCompile>
    <ClCompile Include="ThirdParty\Lua\lvm.c">
      <Filter>ThirdParty\Lua</Filter>
    </ClCompile>
    <ClCompile Include="ThirdParty\Lua\lzio.c">
      <Filter>ThirdParty\Lua</Filter>
    </ClCompile>
    <ClCompile Include="main.cpp" />
  </ItemGroup>
  <ItemGroup>
    <None Include="ThirdParty\Lua\Makefile">
      <Filter>ThirdParty\Lua</Filter>
    </None>
    <None Include="BuiltIn\clash_random.lua">
      <Filter>BuiltIn</Filter>
    </None>
    <None Include="Examples\random_example.lua">
      <Filter>Examples</Filter>
    </None>
  </ItemGroup>
</Project>